// !$*UTF8*$!
{
	archiveVersion = 1;
	classes = {
	};
	objectVersion = 46;
	objects = {

/* Begin PBXBuildFile section */
		1ED9618774A85C08AA8650ED /* Pods_iOSLogUITests.framework in Frameworks */ = {isa = PBXBuildFile; fileRef = 62A9BF3378BC4B1D33DF9CD3 /* Pods_iOSLogUITests.framework */; };
		26077BAD1C5E2C5B00FFF889 /* Exporter.swift in Sources */ = {isa = PBXBuildFile; fileRef = 26077BAC1C5E2C5B00FFF889 /* Exporter.swift */; };
		2645BD571C5E57AE008263DF /* Session.swift in Sources */ = {isa = PBXBuildFile; fileRef = 2645BD561C5E57AE008263DF /* Session.swift */; };
		26B6CEB91C34225C00B04C89 /* AppDelegate.swift in Sources */ = {isa = PBXBuildFile; fileRef = 26B6CEB81C34225C00B04C89 /* AppDelegate.swift */; };
		26B6CEBB1C34225C00B04C89 /* ViewController.swift in Sources */ = {isa = PBXBuildFile; fileRef = 26B6CEBA1C34225C00B04C89 /* ViewController.swift */; };
		26B6CEBE1C34225C00B04C89 /* Main.storyboard in Resources */ = {isa = PBXBuildFile; fileRef = 26B6CEBC1C34225C00B04C89 /* Main.storyboard */; };
		26B6CEC01C34225C00B04C89 /* Assets.xcassets in Resources */ = {isa = PBXBuildFile; fileRef = 26B6CEBF1C34225C00B04C89 /* Assets.xcassets */; };
		26B6CEC31C34225C00B04C89 /* LaunchScreen.storyboard in Resources */ = {isa = PBXBuildFile; fileRef = 26B6CEC11C34225C00B04C89 /* LaunchScreen.storyboard */; };
		26B6CECE1C34225C00B04C89 /* iOSLogTests.swift in Sources */ = {isa = PBXBuildFile; fileRef = 26B6CECD1C34225C00B04C89 /* iOSLogTests.swift */; };
		26B6CED91C34225C00B04C89 /* iOSLogUITests.swift in Sources */ = {isa = PBXBuildFile; fileRef = 26B6CED81C34225C00B04C89 /* iOSLogUITests.swift */; };
		26E5B0611C3424C800BF7C7F /* MotionLogger.swift in Sources */ = {isa = PBXBuildFile; fileRef = 26E5B0601C3424C800BF7C7F /* MotionLogger.swift */; };
		26E5B0631C34260B00BF7C7F /* CoreMotion.framework in Frameworks */ = {isa = PBXBuildFile; fileRef = 26E5B0621C34260B00BF7C7F /* CoreMotion.framework */; };
		26E5B0651C344DD400BF7C7F /* SensorData.swift in Sources */ = {isa = PBXBuildFile; fileRef = 26E5B0641C344DD400BF7C7F /* SensorData.swift */; };
		26E5B0671C34529C00BF7C7F /* DataLog.swift in Sources */ = {isa = PBXBuildFile; fileRef = 26E5B0661C34529C00BF7C7F /* DataLog.swift */; };
		26E5B0691C3457B200BF7C7F /* CoreLocation.framework in Frameworks */ = {isa = PBXBuildFile; fileRef = 26E5B0681C3457B200BF7C7F /* CoreLocation.framework */; };
		26EB12151C3AC74C00C099F8 /* ReachabilityManager.swift in Sources */ = {isa = PBXBuildFile; fileRef = 26EB12141C3AC74C00C099F8 /* ReachabilityManager.swift */; };
		26EB12171C3AC84400C099F8 /* SystemConfiguration.framework in Frameworks */ = {isa = PBXBuildFile; fileRef = 26EB12161C3AC84400C099F8 /* SystemConfiguration.framework */; };
		E2DCFFFEF00150D9F2DC04A6 /* Pods_iOSLog.framework in Frameworks */ = {isa = PBXBuildFile; fileRef = C2639C9E59BA0713CA246BEC /* Pods_iOSLog.framework */; };
		ECDA39190BA326BBD65F6C60 /* Pods_iOSLogTests.framework in Frameworks */ = {isa = PBXBuildFile; fileRef = E93BC641404B19C8D9BDE764 /* Pods_iOSLogTests.framework */; };
/* End PBXBuildFile section */

/* Begin PBXContainerItemProxy section */
		26B6CECA1C34225C00B04C89 /* PBXContainerItemProxy */ = {
			isa = PBXContainerItemProxy;
			containerPortal = 26B6CEAD1C34225C00B04C89 /* Project object */;
			proxyType = 1;
			remoteGlobalIDString = 26B6CEB41C34225C00B04C89;
			remoteInfo = iOSLog;
		};
		26B6CED51C34225C00B04C89 /* PBXContainerItemProxy */ = {
			isa = PBXContainerItemProxy;
			containerPortal = 26B6CEAD1C34225C00B04C89 /* Project object */;
			proxyType = 1;
			remoteGlobalIDString = 26B6CEB41C34225C00B04C89;
			remoteInfo = iOSLog;
		};
/* End PBXContainerItemProxy section */

/* Begin PBXFileReference section */
		22B0E268A81E55845C614234 /* Pods-iOSLogUITests.debug.xcconfig */ = {isa = PBXFileReference; includeInIndex = 1; lastKnownFileType = text.xcconfig; name = "Pods-iOSLogUITests.debug.xcconfig"; path = "Pods/Target Support Files/Pods-iOSLogUITests/Pods-iOSLogUITests.debug.xcconfig"; sourceTree = "<group>"; };
		26077BAC1C5E2C5B00FFF889 /* Exporter.swift */ = {isa = PBXFileReference; fileEncoding = 4; lastKnownFileType = sourcecode.swift; path = Exporter.swift; sourceTree = "<group>"; };
		2645BD561C5E57AE008263DF /* Session.swift */ = {isa = PBXFileReference; fileEncoding = 4; lastKnownFileType = sourcecode.swift; path = Session.swift; sourceTree = "<group>"; };
		26B6CEB51C34225C00B04C89 /* iOSLog.app */ = {isa = PBXFileReference; explicitFileType = wrapper.application; includeInIndex = 0; path = iOSLog.app; sourceTree = BUILT_PRODUCTS_DIR; };
		26B6CEB81C34225C00B04C89 /* AppDelegate.swift */ = {isa = PBXFileReference; lastKnownFileType = sourcecode.swift; path = AppDelegate.swift; sourceTree = "<group>"; };
		26B6CEBA1C34225C00B04C89 /* ViewController.swift */ = {isa = PBXFileReference; lastKnownFileType = sourcecode.swift; path = ViewController.swift; sourceTree = "<group>"; };
		26B6CEBD1C34225C00B04C89 /* Base */ = {isa = PBXFileReference; lastKnownFileType = file.storyboard; name = Base; path = Base.lproj/Main.storyboard; sourceTree = "<group>"; };
		26B6CEBF1C34225C00B04C89 /* Assets.xcassets */ = {isa = PBXFileReference; lastKnownFileType = folder.assetcatalog; path = Assets.xcassets; sourceTree = "<group>"; };
		26B6CEC21C34225C00B04C89 /* Base */ = {isa = PBXFileReference; lastKnownFileType = file.storyboard; name = Base; path = Base.lproj/LaunchScreen.storyboard; sourceTree = "<group>"; };
		26B6CEC41C34225C00B04C89 /* Info.plist */ = {isa = PBXFileReference; lastKnownFileType = text.plist.xml; path = Info.plist; sourceTree = "<group>"; };
		26B6CEC91C34225C00B04C89 /* iOSLogTests.xctest */ = {isa = PBXFileReference; explicitFileType = wrapper.cfbundle; includeInIndex = 0; path = iOSLogTests.xctest; sourceTree = BUILT_PRODUCTS_DIR; };
		26B6CECD1C34225C00B04C89 /* iOSLogTests.swift */ = {isa = PBXFileReference; lastKnownFileType = sourcecode.swift; path = iOSLogTests.swift; sourceTree = "<group>"; };
		26B6CECF1C34225C00B04C89 /* Info.plist */ = {isa = PBXFileReference; lastKnownFileType = text.plist.xml; path = Info.plist; sourceTree = "<group>"; };
		26B6CED41C34225C00B04C89 /* iOSLogUITests.xctest */ = {isa = PBXFileReference; explicitFileType = wrapper.cfbundle; includeInIndex = 0; path = iOSLogUITests.xctest; sourceTree = BUILT_PRODUCTS_DIR; };
		26B6CED81C34225C00B04C89 /* iOSLogUITests.swift */ = {isa = PBXFileReference; lastKnownFileType = sourcecode.swift; path = iOSLogUITests.swift; sourceTree = "<group>"; };
		26B6CEDA1C34225C00B04C89 /* Info.plist */ = {isa = PBXFileReference; lastKnownFileType = text.plist.xml; path = Info.plist; sourceTree = "<group>"; };
		26E5B0601C3424C800BF7C7F /* MotionLogger.swift */ = {isa = PBXFileReference; fileEncoding = 4; lastKnownFileType = sourcecode.swift; path = MotionLogger.swift; sourceTree = "<group>"; };
		26E5B0621C34260B00BF7C7F /* CoreMotion.framework */ = {isa = PBXFileReference; lastKnownFileType = wrapper.framework; name = CoreMotion.framework; path = System/Library/Frameworks/CoreMotion.framework; sourceTree = SDKROOT; };
		26E5B0641C344DD400BF7C7F /* SensorData.swift */ = {isa = PBXFileReference; fileEncoding = 4; lastKnownFileType = sourcecode.swift; path = SensorData.swift; sourceTree = "<group>"; };
		26E5B0661C34529C00BF7C7F /* DataLog.swift */ = {isa = PBXFileReference; fileEncoding = 4; lastKnownFileType = sourcecode.swift; path = DataLog.swift; sourceTree = "<group>"; };
		26E5B0681C3457B200BF7C7F /* CoreLocation.framework */ = {isa = PBXFileReference; lastKnownFileType = wrapper.framework; name = CoreLocation.framework; path = System/Library/Frameworks/CoreLocation.framework; sourceTree = SDKROOT; };
		26EB12141C3AC74C00C099F8 /* ReachabilityManager.swift */ = {isa = PBXFileReference; fileEncoding = 4; lastKnownFileType = sourcecode.swift; path = ReachabilityManager.swift; sourceTree = "<group>"; };
		26EB12161C3AC84400C099F8 /* SystemConfiguration.framework */ = {isa = PBXFileReference; lastKnownFileType = wrapper.framework; name = SystemConfiguration.framework; path = System/Library/Frameworks/SystemConfiguration.framework; sourceTree = SDKROOT; };
		530F0247DE545F897F6D3D12 /* Pods.debug.xcconfig */ = {isa = PBXFileReference; includeInIndex = 1; lastKnownFileType = text.xcconfig; name = Pods.debug.xcconfig; path = "Pods/Target Support Files/Pods/Pods.debug.xcconfig"; sourceTree = "<group>"; };
		62A9BF3378BC4B1D33DF9CD3 /* Pods_iOSLogUITests.framework */ = {isa = PBXFileReference; explicitFileType = wrapper.framework; includeInIndex = 0; path = Pods_iOSLogUITests.framework; sourceTree = BUILT_PRODUCTS_DIR; };
		72C41A588938F67AD4B597A2 /* Pods-iOSLogTests.debug.xcconfig */ = {isa = PBXFileReference; includeInIndex = 1; lastKnownFileType = text.xcconfig; name = "Pods-iOSLogTests.debug.xcconfig"; path = "Pods/Target Support Files/Pods-iOSLogTests/Pods-iOSLogTests.debug.xcconfig"; sourceTree = "<group>"; };
		7EC1B54A9728A72A2D5A4B33 /* Pods-iOSLogTests.release.xcconfig */ = {isa = PBXFileReference; includeInIndex = 1; lastKnownFileType = text.xcconfig; name = "Pods-iOSLogTests.release.xcconfig"; path = "Pods/Target Support Files/Pods-iOSLogTests/Pods-iOSLogTests.release.xcconfig"; sourceTree = "<group>"; };
		819AD3C879FBFE39A8549808 /* Pods.release.xcconfig */ = {isa = PBXFileReference; includeInIndex = 1; lastKnownFileType = text.xcconfig; name = Pods.release.xcconfig; path = "Pods/Target Support Files/Pods/Pods.release.xcconfig"; sourceTree = "<group>"; };
		C2639C9E59BA0713CA246BEC /* Pods_iOSLog.framework */ = {isa = PBXFileReference; explicitFileType = wrapper.framework; includeInIndex = 0; path = Pods_iOSLog.framework; sourceTree = BUILT_PRODUCTS_DIR; };
		CCC2512D9108BE234115C5F5 /* Pods-iOSLog.release.xcconfig */ = {isa = PBXFileReference; includeInIndex = 1; lastKnownFileType = text.xcconfig; name = "Pods-iOSLog.release.xcconfig"; path = "Pods/Target Support Files/Pods-iOSLog/Pods-iOSLog.release.xcconfig"; sourceTree = "<group>"; };
		D4ADEF4EE4B618D6FF491ADD /* Pods-iOSLog.debug.xcconfig */ = {isa = PBXFileReference; includeInIndex = 1; lastKnownFileType = text.xcconfig; name = "Pods-iOSLog.debug.xcconfig"; path = "Pods/Target Support Files/Pods-iOSLog/Pods-iOSLog.debug.xcconfig"; sourceTree = "<group>"; };
		E93BC641404B19C8D9BDE764 /* Pods_iOSLogTests.framework */ = {isa = PBXFileReference; explicitFileType = wrapper.framework; includeInIndex = 0; path = Pods_iOSLogTests.framework; sourceTree = BUILT_PRODUCTS_DIR; };
		F166342A91FC72C33B3CD53E /* Pods-iOSLogUITests.release.xcconfig */ = {isa = PBXFileReference; includeInIndex = 1; lastKnownFileType = text.xcconfig; name = "Pods-iOSLogUITests.release.xcconfig"; path = "Pods/Target Support Files/Pods-iOSLogUITests/Pods-iOSLogUITests.release.xcconfig"; sourceTree = "<group>"; };
/* End PBXFileReference section */

/* Begin PBXFrameworksBuildPhase section */
		26B6CEB21C34225C00B04C89 /* Frameworks */ = {
			isa = PBXFrameworksBuildPhase;
			buildActionMask = 2147483647;
			files = (
				26EB12171C3AC84400C099F8 /* SystemConfiguration.framework in Frameworks */,
				26E5B0691C3457B200BF7C7F /* CoreLocation.framework in Frameworks */,
				26E5B0631C34260B00BF7C7F /* CoreMotion.framework in Frameworks */,
				E2DCFFFEF00150D9F2DC04A6 /* Pods_iOSLog.framework in Frameworks */,
			);
			runOnlyForDeploymentPostprocessing = 0;
		};
		26B6CEC61C34225C00B04C89 /* Frameworks */ = {
			isa = PBXFrameworksBuildPhase;
			buildActionMask = 2147483647;
			files = (
				ECDA39190BA326BBD65F6C60 /* Pods_iOSLogTests.framework in Frameworks */,
			);
			runOnlyForDeploymentPostprocessing = 0;
		};
		26B6CED11C34225C00B04C89 /* Frameworks */ = {
			isa = PBXFrameworksBuildPhase;
			buildActionMask = 2147483647;
			files = (
				1ED9618774A85C08AA8650ED /* Pods_iOSLogUITests.framework in Frameworks */,
			);
			runOnlyForDeploymentPostprocessing = 0;
		};
/* End PBXFrameworksBuildPhase section */

/* Begin PBXGroup section */
		26B6CEAC1C34225C00B04C89 = {
			isa = PBXGroup;
			children = (
				26EB12161C3AC84400C099F8 /* SystemConfiguration.framework */,
				26E5B0681C3457B200BF7C7F /* CoreLocation.framework */,
				26E5B0621C34260B00BF7C7F /* CoreMotion.framework */,
				26B6CEB71C34225C00B04C89 /* iOSLog */,
				26B6CECC1C34225C00B04C89 /* iOSLogTests */,
				26B6CED71C34225C00B04C89 /* iOSLogUITests */,
				26B6CEB61C34225C00B04C89 /* Products */,
				FACED8D2021518AABEF26176 /* Pods */,
				3D81C899A6504ECEBC43D66B /* Frameworks */,
			);
			sourceTree = "<group>";
		};
		26B6CEB61C34225C00B04C89 /* Products */ = {
			isa = PBXGroup;
			children = (
				26B6CEB51C34225C00B04C89 /* iOSLog.app */,
				26B6CEC91C34225C00B04C89 /* iOSLogTests.xctest */,
				26B6CED41C34225C00B04C89 /* iOSLogUITests.xctest */,
			);
			name = Products;
			sourceTree = "<group>";
		};
		26B6CEB71C34225C00B04C89 /* iOSLog */ = {
			isa = PBXGroup;
			children = (
				26E5B0601C3424C800BF7C7F /* MotionLogger.swift */,
				26B6CEB81C34225C00B04C89 /* AppDelegate.swift */,
				26B6CEBA1C34225C00B04C89 /* ViewController.swift */,
				26B6CEBC1C34225C00B04C89 /* Main.storyboard */,
				26B6CEBF1C34225C00B04C89 /* Assets.xcassets */,
				26B6CEC11C34225C00B04C89 /* LaunchScreen.storyboard */,
				26B6CEC41C34225C00B04C89 /* Info.plist */,
				26E5B0641C344DD400BF7C7F /* SensorData.swift */,
				26E5B0661C34529C00BF7C7F /* DataLog.swift */,
				26EB12141C3AC74C00C099F8 /* ReachabilityManager.swift */,
				26077BAC1C5E2C5B00FFF889 /* Exporter.swift */,
				2645BD561C5E57AE008263DF /* Session.swift */,
			);
			path = iOSLog;
			sourceTree = "<group>";
		};
		26B6CECC1C34225C00B04C89 /* iOSLogTests */ = {
			isa = PBXGroup;
			children = (
				26B6CECD1C34225C00B04C89 /* iOSLogTests.swift */,
				26B6CECF1C34225C00B04C89 /* Info.plist */,
			);
			path = iOSLogTests;
			sourceTree = "<group>";
		};
		26B6CED71C34225C00B04C89 /* iOSLogUITests */ = {
			isa = PBXGroup;
			children = (
				26B6CED81C34225C00B04C89 /* iOSLogUITests.swift */,
				26B6CEDA1C34225C00B04C89 /* Info.plist */,
			);
			path = iOSLogUITests;
			sourceTree = "<group>";
		};
		3D81C899A6504ECEBC43D66B /* Frameworks */ = {
			isa = PBXGroup;
			children = (
				C2639C9E59BA0713CA246BEC /* Pods_iOSLog.framework */,
				E93BC641404B19C8D9BDE764 /* Pods_iOSLogTests.framework */,
				62A9BF3378BC4B1D33DF9CD3 /* Pods_iOSLogUITests.framework */,
			);
			name = Frameworks;
			sourceTree = "<group>";
		};
		FACED8D2021518AABEF26176 /* Pods */ = {
			isa = PBXGroup;
			children = (
				530F0247DE545F897F6D3D12 /* Pods.debug.xcconfig */,
				819AD3C879FBFE39A8549808 /* Pods.release.xcconfig */,
				D4ADEF4EE4B618D6FF491ADD /* Pods-iOSLog.debug.xcconfig */,
				CCC2512D9108BE234115C5F5 /* Pods-iOSLog.release.xcconfig */,
				72C41A588938F67AD4B597A2 /* Pods-iOSLogTests.debug.xcconfig */,
				7EC1B54A9728A72A2D5A4B33 /* Pods-iOSLogTests.release.xcconfig */,
				22B0E268A81E55845C614234 /* Pods-iOSLogUITests.debug.xcconfig */,
				F166342A91FC72C33B3CD53E /* Pods-iOSLogUITests.release.xcconfig */,
			);
			name = Pods;
			sourceTree = "<group>";
		};
/* End PBXGroup section */

/* Begin PBXNativeTarget section */
		26B6CEB41C34225C00B04C89 /* iOSLog */ = {
			isa = PBXNativeTarget;
			buildConfigurationList = 26B6CEDD1C34225C00B04C89 /* Build configuration list for PBXNativeTarget "iOSLog" */;
			buildPhases = (
				53BE87CFED22EA2933FCF6D1 /* [CP] Check Pods Manifest.lock */,
				26B6CEB11C34225C00B04C89 /* Sources */,
				26B6CEB21C34225C00B04C89 /* Frameworks */,
				26B6CEB31C34225C00B04C89 /* Resources */,
				3C9A8BB04911018D4A51BCED /* [CP] Embed Pods Frameworks */,
				DE1E44B000B27B6ADFD1E38A /* [CP] Copy Pods Resources */,
			);
			buildRules = (
			);
			dependencies = (
			);
			name = iOSLog;
			productName = iOSLog;
			productReference = 26B6CEB51C34225C00B04C89 /* iOSLog.app */;
			productType = "com.apple.product-type.application";
		};
		26B6CEC81C34225C00B04C89 /* iOSLogTests */ = {
			isa = PBXNativeTarget;
			buildConfigurationList = 26B6CEE01C34225C00B04C89 /* Build configuration list for PBXNativeTarget "iOSLogTests" */;
			buildPhases = (
				B7C3892ECE7DAC24DD94EB80 /* [CP] Check Pods Manifest.lock */,
				26B6CEC51C34225C00B04C89 /* Sources */,
				26B6CEC61C34225C00B04C89 /* Frameworks */,
				26B6CEC71C34225C00B04C89 /* Resources */,
				CA76AC07883CE0856A565B37 /* [CP] Embed Pods Frameworks */,
				766CDBB9A35EA1D1B4EA3B42 /* [CP] Copy Pods Resources */,
			);
			buildRules = (
			);
			dependencies = (
				26B6CECB1C34225C00B04C89 /* PBXTargetDependency */,
			);
			name = iOSLogTests;
			productName = iOSLogTests;
			productReference = 26B6CEC91C34225C00B04C89 /* iOSLogTests.xctest */;
			productType = "com.apple.product-type.bundle.unit-test";
		};
		26B6CED31C34225C00B04C89 /* iOSLogUITests */ = {
			isa = PBXNativeTarget;
			buildConfigurationList = 26B6CEE31C34225C00B04C89 /* Build configuration list for PBXNativeTarget "iOSLogUITests" */;
			buildPhases = (
				48E8C48B112FC94541551D5C /* [CP] Check Pods Manifest.lock */,
				26B6CED01C34225C00B04C89 /* Sources */,
				26B6CED11C34225C00B04C89 /* Frameworks */,
				26B6CED21C34225C00B04C89 /* Resources */,
				FA7B0C72462E35856003C485 /* [CP] Embed Pods Frameworks */,
				29D0371F47BC0909B19D6357 /* [CP] Copy Pods Resources */,
			);
			buildRules = (
			);
			dependencies = (
				26B6CED61C34225C00B04C89 /* PBXTargetDependency */,
			);
			name = iOSLogUITests;
			productName = iOSLogUITests;
			productReference = 26B6CED41C34225C00B04C89 /* iOSLogUITests.xctest */;
			productType = "com.apple.product-type.bundle.ui-testing";
		};
/* End PBXNativeTarget section */

/* Begin PBXProject section */
		26B6CEAD1C34225C00B04C89 /* Project object */ = {
			isa = PBXProject;
			attributes = {
				LastSwiftUpdateCheck = 0710;
				LastUpgradeCheck = 0810;
				ORGANIZATIONNAME = "Sven Mischkewitz";
				TargetAttributes = {
					26B6CEB41C34225C00B04C89 = {
						CreatedOnToolsVersion = 7.1;
						DevelopmentTeam = 6632V3GLNN;
						LastSwiftMigration = 0810;
						SystemCapabilities = {
							com.apple.BackgroundModes = {
								enabled = 1;
							};
						};
					};
					26B6CEC81C34225C00B04C89 = {
						CreatedOnToolsVersion = 7.1;
						LastSwiftMigration = 0810;
						TestTargetID = 26B6CEB41C34225C00B04C89;
					};
					26B6CED31C34225C00B04C89 = {
						CreatedOnToolsVersion = 7.1;
						LastSwiftMigration = 0810;
						TestTargetID = 26B6CEB41C34225C00B04C89;
					};
				};
			};
			buildConfigurationList = 26B6CEB01C34225C00B04C89 /* Build configuration list for PBXProject "iOSLog" */;
			compatibilityVersion = "Xcode 3.2";
			developmentRegion = English;
			hasScannedForEncodings = 0;
			knownRegions = (
				en,
				Base,
			);
			mainGroup = 26B6CEAC1C34225C00B04C89;
			productRefGroup = 26B6CEB61C34225C00B04C89 /* Products */;
			projectDirPath = "";
			projectRoot = "";
			targets = (
				26B6CEB41C34225C00B04C89 /* iOSLog */,
				26B6CEC81C34225C00B04C89 /* iOSLogTests */,
				26B6CED31C34225C00B04C89 /* iOSLogUITests */,
			);
		};
/* End PBXProject section */

/* Begin PBXResourcesBuildPhase section */
		26B6CEB31C34225C00B04C89 /* Resources */ = {
			isa = PBXResourcesBuildPhase;
			buildActionMask = 2147483647;
			files = (
				26B6CEC31C34225C00B04C89 /* LaunchScreen.storyboard in Resources */,
				26B6CEC01C34225C00B04C89 /* Assets.xcassets in Resources */,
				26B6CEBE1C34225C00B04C89 /* Main.storyboard in Resources */,
			);
			runOnlyForDeploymentPostprocessing = 0;
		};
		26B6CEC71C34225C00B04C89 /* Resources */ = {
			isa = PBXResourcesBuildPhase;
			buildActionMask = 2147483647;
			files = (
			);
			runOnlyForDeploymentPostprocessing = 0;
		};
		26B6CED21C34225C00B04C89 /* Resources */ = {
			isa = PBXResourcesBuildPhase;
			buildActionMask = 2147483647;
			files = (
			);
			runOnlyForDeploymentPostprocessing = 0;
		};
/* End PBXResourcesBuildPhase section */

/* Begin PBXShellScriptBuildPhase section */
		29D0371F47BC0909B19D6357 /* [CP] Copy Pods Resources */ = {
			isa = PBXShellScriptBuildPhase;
			buildActionMask = 2147483647;
			files = (
			);
			inputPaths = (
			);
			name = "[CP] Copy Pods Resources";
			outputPaths = (
			);
			runOnlyForDeploymentPostprocessing = 0;
			shellPath = /bin/sh;
			shellScript = "\"${SRCROOT}/Pods/Target Support Files/Pods-iOSLogUITests/Pods-iOSLogUITests-resources.sh\"\n";
			showEnvVarsInLog = 0;
		};
		3C9A8BB04911018D4A51BCED /* [CP] Embed Pods Frameworks */ = {
			isa = PBXShellScriptBuildPhase;
			buildActionMask = 2147483647;
			files = (
			);
			inputPaths = (
			);
			name = "[CP] Embed Pods Frameworks";
			outputPaths = (
			);
			runOnlyForDeploymentPostprocessing = 0;
			shellPath = /bin/sh;
			shellScript = "\"${SRCROOT}/Pods/Target Support Files/Pods-iOSLog/Pods-iOSLog-frameworks.sh\"\n";
			showEnvVarsInLog = 0;
		};
		48E8C48B112FC94541551D5C /* [CP] Check Pods Manifest.lock */ = {
			isa = PBXShellScriptBuildPhase;
			buildActionMask = 2147483647;
			files = (
			);
			inputPaths = (
			);
			name = "[CP] Check Pods Manifest.lock";
			outputPaths = (
			);
			runOnlyForDeploymentPostprocessing = 0;
			shellPath = /bin/sh;
			shellScript = "diff \"${PODS_ROOT}/../Podfile.lock\" \"${PODS_ROOT}/Manifest.lock\" > /dev/null\nif [ $? != 0 ] ; then\n    # print error to STDERR\n    echo \"error: The sandbox is not in sync with the Podfile.lock. Run 'pod install' or update your CocoaPods installation.\" >&2\n    exit 1\nfi\n";
			showEnvVarsInLog = 0;
		};
		53BE87CFED22EA2933FCF6D1 /* [CP] Check Pods Manifest.lock */ = {
			isa = PBXShellScriptBuildPhase;
			buildActionMask = 2147483647;
			files = (
			);
			inputPaths = (
			);
			name = "[CP] Check Pods Manifest.lock";
			outputPaths = (
			);
			runOnlyForDeploymentPostprocessing = 0;
			shellPath = /bin/sh;
			shellScript = "diff \"${PODS_ROOT}/../Podfile.lock\" \"${PODS_ROOT}/Manifest.lock\" > /dev/null\nif [ $? != 0 ] ; then\n    # print error to STDERR\n    echo \"error: The sandbox is not in sync with the Podfile.lock. Run 'pod install' or update your CocoaPods installation.\" >&2\n    exit 1\nfi\n";
			showEnvVarsInLog = 0;
		};
		766CDBB9A35EA1D1B4EA3B42 /* [CP] Copy Pods Resources */ = {
			isa = PBXShellScriptBuildPhase;
			buildActionMask = 2147483647;
			files = (
			);
			inputPaths = (
			);
			name = "[CP] Copy Pods Resources";
			outputPaths = (
			);
			runOnlyForDeploymentPostprocessing = 0;
			shellPath = /bin/sh;
			shellScript = "\"${SRCROOT}/Pods/Target Support Files/Pods-iOSLogTests/Pods-iOSLogTests-resources.sh\"\n";
			showEnvVarsInLog = 0;
		};
		B7C3892ECE7DAC24DD94EB80 /* [CP] Check Pods Manifest.lock */ = {
			isa = PBXShellScriptBuildPhase;
			buildActionMask = 2147483647;
			files = (
			);
			inputPaths = (
			);
			name = "[CP] Check Pods Manifest.lock";
			outputPaths = (
			);
			runOnlyForDeploymentPostprocessing = 0;
			shellPath = /bin/sh;
			shellScript = "diff \"${PODS_ROOT}/../Podfile.lock\" \"${PODS_ROOT}/Manifest.lock\" > /dev/null\nif [ $? != 0 ] ; then\n    # print error to STDERR\n    echo \"error: The sandbox is not in sync with the Podfile.lock. Run 'pod install' or update your CocoaPods installation.\" >&2\n    exit 1\nfi\n";
			showEnvVarsInLog = 0;
		};
		CA76AC07883CE0856A565B37 /* [CP] Embed Pods Frameworks */ = {
			isa = PBXShellScriptBuildPhase;
			buildActionMask = 2147483647;
			files = (
			);
			inputPaths = (
			);
			name = "[CP] Embed Pods Frameworks";
			outputPaths = (
			);
			runOnlyForDeploymentPostprocessing = 0;
			shellPath = /bin/sh;
			shellScript = "\"${SRCROOT}/Pods/Target Support Files/Pods-iOSLogTests/Pods-iOSLogTests-frameworks.sh\"\n";
			showEnvVarsInLog = 0;
		};
		DE1E44B000B27B6ADFD1E38A /* [CP] Copy Pods Resources */ = {
			isa = PBXShellScriptBuildPhase;
			buildActionMask = 2147483647;
			files = (
			);
			inputPaths = (
			);
			name = "[CP] Copy Pods Resources";
			outputPaths = (
			);
			runOnlyForDeploymentPostprocessing = 0;
			shellPath = /bin/sh;
			shellScript = "\"${SRCROOT}/Pods/Target Support Files/Pods-iOSLog/Pods-iOSLog-resources.sh\"\n";
			showEnvVarsInLog = 0;
		};
		FA7B0C72462E35856003C485 /* [CP] Embed Pods Frameworks */ = {
			isa = PBXShellScriptBuildPhase;
			buildActionMask = 2147483647;
			files = (
			);
			inputPaths = (
			);
			name = "[CP] Embed Pods Frameworks";
			outputPaths = (
			);
			runOnlyForDeploymentPostprocessing = 0;
			shellPath = /bin/sh;
			shellScript = "\"${SRCROOT}/Pods/Target Support Files/Pods-iOSLogUITests/Pods-iOSLogUITests-frameworks.sh\"\n";
			showEnvVarsInLog = 0;
		};
/* End PBXShellScriptBuildPhase section */

/* Begin PBXSourcesBuildPhase section */
		26B6CEB11C34225C00B04C89 /* Sources */ = {
			isa = PBXSourcesBuildPhase;
			buildActionMask = 2147483647;
			files = (
				26B6CEBB1C34225C00B04C89 /* ViewController.swift in Sources */,
				26077BAD1C5E2C5B00FFF889 /* Exporter.swift in Sources */,
				26B6CEB91C34225C00B04C89 /* AppDelegate.swift in Sources */,
				26E5B0671C34529C00BF7C7F /* DataLog.swift in Sources */,
				26E5B0611C3424C800BF7C7F /* MotionLogger.swift in Sources */,
				26EB12151C3AC74C00C099F8 /* ReachabilityManager.swift in Sources */,
				26E5B0651C344DD400BF7C7F /* SensorData.swift in Sources */,
				2645BD571C5E57AE008263DF /* Session.swift in Sources */,
			);
			runOnlyForDeploymentPostprocessing = 0;
		};
		26B6CEC51C34225C00B04C89 /* Sources */ = {
			isa = PBXSourcesBuildPhase;
			buildActionMask = 2147483647;
			files = (
				26B6CECE1C34225C00B04C89 /* iOSLogTests.swift in Sources */,
			);
			runOnlyForDeploymentPostprocessing = 0;
		};
		26B6CED01C34225C00B04C89 /* Sources */ = {
			isa = PBXSourcesBuildPhase;
			buildActionMask = 2147483647;
			files = (
				26B6CED91C34225C00B04C89 /* iOSLogUITests.swift in Sources */,
			);
			runOnlyForDeploymentPostprocessing = 0;
		};
/* End PBXSourcesBuildPhase section */

/* Begin PBXTargetDependency section */
		26B6CECB1C34225C00B04C89 /* PBXTargetDependency */ = {
			isa = PBXTargetDependency;
			target = 26B6CEB41C34225C00B04C89 /* iOSLog */;
			targetProxy = 26B6CECA1C34225C00B04C89 /* PBXContainerItemProxy */;
		};
		26B6CED61C34225C00B04C89 /* PBXTargetDependency */ = {
			isa = PBXTargetDependency;
			target = 26B6CEB41C34225C00B04C89 /* iOSLog */;
			targetProxy = 26B6CED51C34225C00B04C89 /* PBXContainerItemProxy */;
		};
/* End PBXTargetDependency section */

/* Begin PBXVariantGroup section */
		26B6CEBC1C34225C00B04C89 /* Main.storyboard */ = {
			isa = PBXVariantGroup;
			children = (
				26B6CEBD1C34225C00B04C89 /* Base */,
			);
			name = Main.storyboard;
			sourceTree = "<group>";
		};
		26B6CEC11C34225C00B04C89 /* LaunchScreen.storyboard */ = {
			isa = PBXVariantGroup;
			children = (
				26B6CEC21C34225C00B04C89 /* Base */,
			);
			name = LaunchScreen.storyboard;
			sourceTree = "<group>";
		};
/* End PBXVariantGroup section */

/* Begin XCBuildConfiguration section */
		26B6CEDB1C34225C00B04C89 /* Debug */ = {
			isa = XCBuildConfiguration;
			buildSettings = {
				ALWAYS_SEARCH_USER_PATHS = NO;
				CLANG_CXX_LANGUAGE_STANDARD = "gnu++0x";
				CLANG_CXX_LIBRARY = "libc++";
				CLANG_ENABLE_MODULES = YES;
				CLANG_ENABLE_OBJC_ARC = YES;
				CLANG_WARN_BOOL_CONVERSION = YES;
				CLANG_WARN_CONSTANT_CONVERSION = YES;
				CLANG_WARN_DIRECT_OBJC_ISA_USAGE = YES_ERROR;
				CLANG_WARN_EMPTY_BODY = YES;
				CLANG_WARN_ENUM_CONVERSION = YES;
				CLANG_WARN_INFINITE_RECURSION = YES;
				CLANG_WARN_INT_CONVERSION = YES;
				CLANG_WARN_OBJC_ROOT_CLASS = YES_ERROR;
				CLANG_WARN_SUSPICIOUS_MOVE = YES;
				CLANG_WARN_UNREACHABLE_CODE = YES;
				CLANG_WARN__DUPLICATE_METHOD_MATCH = YES;
				"CODE_SIGN_IDENTITY[sdk=iphoneos*]" = "iPhone Developer";
				COPY_PHASE_STRIP = NO;
				DEBUG_INFORMATION_FORMAT = dwarf;
				ENABLE_STRICT_OBJC_MSGSEND = YES;
				ENABLE_TESTABILITY = YES;
				FRAMEWORK_SEARCH_PATHS = "$(SRCROOT)";
				GCC_C_LANGUAGE_STANDARD = gnu99;
				GCC_DYNAMIC_NO_PIC = NO;
				GCC_NO_COMMON_BLOCKS = YES;
				GCC_OPTIMIZATION_LEVEL = 0;
				GCC_PREPROCESSOR_DEFINITIONS = (
					"DEBUG=1",
					"$(inherited)",
				);
				GCC_WARN_64_TO_32_BIT_CONVERSION = YES;
				GCC_WARN_ABOUT_RETURN_TYPE = YES_ERROR;
				GCC_WARN_UNDECLARED_SELECTOR = YES;
				GCC_WARN_UNINITIALIZED_AUTOS = YES_AGGRESSIVE;
				GCC_WARN_UNUSED_FUNCTION = YES;
				GCC_WARN_UNUSED_VARIABLE = YES;
				IPHONEOS_DEPLOYMENT_TARGET = 10.1;
				MTL_ENABLE_DEBUG_INFO = YES;
				ONLY_ACTIVE_ARCH = YES;
				SDKROOT = iphoneos;
				SWIFT_OPTIMIZATION_LEVEL = "-Onone";
			};
			name = Debug;
		};
		26B6CEDC1C34225C00B04C89 /* Release */ = {
			isa = XCBuildConfiguration;
			buildSettings = {
				ALWAYS_SEARCH_USER_PATHS = NO;
				CLANG_CXX_LANGUAGE_STANDARD = "gnu++0x";
				CLANG_CXX_LIBRARY = "libc++";
				CLANG_ENABLE_MODULES = YES;
				CLANG_ENABLE_OBJC_ARC = YES;
				CLANG_WARN_BOOL_CONVERSION = YES;
				CLANG_WARN_CONSTANT_CONVERSION = YES;
				CLANG_WARN_DIRECT_OBJC_ISA_USAGE = YES_ERROR;
				CLANG_WARN_EMPTY_BODY = YES;
				CLANG_WARN_ENUM_CONVERSION = YES;
				CLANG_WARN_INFINITE_RECURSION = YES;
				CLANG_WARN_INT_CONVERSION = YES;
				CLANG_WARN_OBJC_ROOT_CLASS = YES_ERROR;
				CLANG_WARN_SUSPICIOUS_MOVE = YES;
				CLANG_WARN_UNREACHABLE_CODE = YES;
				CLANG_WARN__DUPLICATE_METHOD_MATCH = YES;
				"CODE_SIGN_IDENTITY[sdk=iphoneos*]" = "iPhone Developer";
				COPY_PHASE_STRIP = NO;
				DEBUG_INFORMATION_FORMAT = "dwarf-with-dsym";
				ENABLE_NS_ASSERTIONS = NO;
				ENABLE_STRICT_OBJC_MSGSEND = YES;
				FRAMEWORK_SEARCH_PATHS = "$(SRCROOT)";
				GCC_C_LANGUAGE_STANDARD = gnu99;
				GCC_NO_COMMON_BLOCKS = YES;
				GCC_WARN_64_TO_32_BIT_CONVERSION = YES;
				GCC_WARN_ABOUT_RETURN_TYPE = YES_ERROR;
				GCC_WARN_UNDECLARED_SELECTOR = YES;
				GCC_WARN_UNINITIALIZED_AUTOS = YES_AGGRESSIVE;
				GCC_WARN_UNUSED_FUNCTION = YES;
				GCC_WARN_UNUSED_VARIABLE = YES;
				IPHONEOS_DEPLOYMENT_TARGET = 10.1;
				MTL_ENABLE_DEBUG_INFO = NO;
				SDKROOT = iphoneos;
				SWIFT_OPTIMIZATION_LEVEL = "-Owholemodule";
				VALIDATE_PRODUCT = YES;
			};
			name = Release;
		};
		26B6CEDE1C34225C00B04C89 /* Debug */ = {
			isa = XCBuildConfiguration;
			baseConfigurationReference = D4ADEF4EE4B618D6FF491ADD /* Pods-iOSLog.debug.xcconfig */;
			buildSettings = {
				ALWAYS_EMBED_SWIFT_STANDARD_LIBRARIES = "$(inherited)";
				ASSETCATALOG_COMPILER_APPICON_NAME = AppIcon;
				CODE_SIGN_IDENTITY = "iPhone Developer";
				"CODE_SIGN_IDENTITY[sdk=iphoneos*]" = "iPhone Developer";
				DEVELOPMENT_TEAM = 6632V3GLNN;
				FRAMEWORK_SEARCH_PATHS = "$(inherited)";
				INFOPLIST_FILE = iOSLog/Info.plist;
				IPHONEOS_DEPLOYMENT_TARGET = 8.3;
				LD_RUNPATH_SEARCH_PATHS = "$(inherited) @executable_path/Frameworks";
				PRODUCT_BUNDLE_IDENTIFIER = mkw.iOSLog;
				PRODUCT_NAME = "$(TARGET_NAME)";
				PROVISIONING_PROFILE = "";
				SWIFT_VERSION = 3.0;
			};
			name = Debug;
		};
		26B6CEDF1C34225C00B04C89 /* Release */ = {
			isa = XCBuildConfiguration;
			baseConfigurationReference = CCC2512D9108BE234115C5F5 /* Pods-iOSLog.release.xcconfig */;
			buildSettings = {
				ALWAYS_EMBED_SWIFT_STANDARD_LIBRARIES = "$(inherited)";
				ASSETCATALOG_COMPILER_APPICON_NAME = AppIcon;
				CODE_SIGN_IDENTITY = "iPhone Developer";
				"CODE_SIGN_IDENTITY[sdk=iphoneos*]" = "iPhone Developer";
				DEVELOPMENT_TEAM = 6632V3GLNN;
				FRAMEWORK_SEARCH_PATHS = "$(inherited)";
				INFOPLIST_FILE = iOSLog/Info.plist;
				IPHONEOS_DEPLOYMENT_TARGET = 8.3;
				LD_RUNPATH_SEARCH_PATHS = "$(inherited) @executable_path/Frameworks";
				PRODUCT_BUNDLE_IDENTIFIER = mkw.iOSLog;
				PRODUCT_NAME = "$(TARGET_NAME)";
				PROVISIONING_PROFILE = "";
				SWIFT_VERSION = 3.0;
			};
			name = Release;
		};
		26B6CEE11C34225C00B04C89 /* Debug */ = {
			isa = XCBuildConfiguration;
			baseConfigurationReference = 72C41A588938F67AD4B597A2 /* Pods-iOSLogTests.debug.xcconfig */;
			buildSettings = {
				BUNDLE_LOADER = "$(TEST_HOST)";
				INFOPLIST_FILE = iOSLogTests/Info.plist;
				LD_RUNPATH_SEARCH_PATHS = "$(inherited) @executable_path/Frameworks @loader_path/Frameworks";
				PRODUCT_BUNDLE_IDENTIFIER = mkw.iOSLogTests;
				PRODUCT_NAME = "$(TARGET_NAME)";
				SWIFT_VERSION = 3.0;
				TEST_HOST = "$(BUILT_PRODUCTS_DIR)/iOSLog.app/iOSLog";
			};
			name = Debug;
		};
		26B6CEE21C34225C00B04C89 /* Release */ = {
			isa = XCBuildConfiguration;
			baseConfigurationReference = 7EC1B54A9728A72A2D5A4B33 /* Pods-iOSLogTests.release.xcconfig */;
			buildSettings = {
				BUNDLE_LOADER = "$(TEST_HOST)";
				INFOPLIST_FILE = iOSLogTests/Info.plist;
				LD_RUNPATH_SEARCH_PATHS = "$(inherited) @executable_path/Frameworks @loader_path/Frameworks";
				PRODUCT_BUNDLE_IDENTIFIER = mkw.iOSLogTests;
				PRODUCT_NAME = "$(TARGET_NAME)";
				SWIFT_VERSION = 3.0;
				TEST_HOST = "$(BUILT_PRODUCTS_DIR)/iOSLog.app/iOSLog";
			};
			name = Release;
		};
		26B6CEE41C34225C00B04C89 /* Debug */ = {
			isa = XCBuildConfiguration;
			baseConfigurationReference = 22B0E268A81E55845C614234 /* Pods-iOSLogUITests.debug.xcconfig */;
			buildSettings = {
				INFOPLIST_FILE = iOSLogUITests/Info.plist;
				LD_RUNPATH_SEARCH_PATHS = "$(inherited) @executable_path/Frameworks @loader_path/Frameworks";
				PRODUCT_BUNDLE_IDENTIFIER = mkw.iOSLogUITests;
				PRODUCT_NAME = "$(TARGET_NAME)";
				SWIFT_VERSION = 3.0;
				TEST_TARGET_NAME = iOSLog;
				USES_XCTRUNNER = YES;
			};
			name = Debug;
		};
		26B6CEE51C34225C00B04C89 /* Release */ = {
			isa = XCBuildConfiguration;
			baseConfigurationReference = F166342A91FC72C33B3CD53E /* Pods-iOSLogUITests.release.xcconfig */;
			buildSettings = {
				INFOPLIST_FILE = iOSLogUITests/Info.plist;
				LD_RUNPATH_SEARCH_PATHS = "$(inherited) @executable_path/Frameworks @loader_path/Frameworks";
				PRODUCT_BUNDLE_IDENTIFIER = mkw.iOSLogUITests;
				PRODUCT_NAME = "$(TARGET_NAME)";
				SWIFT_VERSION = 3.0;
				TEST_TARGET_NAME = iOSLog;
				USES_XCTRUNNER = YES;
			};
			name = Release;
		};
/* End XCBuildConfiguration section */

/* Begin XCConfigurationList section */
		26B6CEB01C34225C00B04C89 /* Build configuration list for PBXProject "iOSLog" */ = {
			isa = XCConfigurationList;
			buildConfigurations = (
				26B6CEDB1C34225C00B04C89 /* Debug */,
				26B6CEDC1C34225C00B04C89 /* Release */,
			);
			defaultConfigurationIsVisible = 0;
			defaultConfigurationName = Release;
		};
		26B6CEDD1C34225C00B04C89 /* Build configuration list for PBXNativeTarget "iOSLog" */ = {
			isa = XCConfigurationList;
			buildConfigurations = (
				26B6CEDE1C34225C00B04C89 /* Debug */,
				26B6CEDF1C34225C00B04C89 /* Release */,
			);
			defaultConfigurationIsVisible = 0;
			defaultConfigurationName = Release;
		};
		26B6CEE01C34225C00B04C89 /* Build configuration list for PBXNativeTarget "iOSLogTests" */ = {
			isa = XCConfigurationList;
			buildConfigurations = (
				26B6CEE11C34225C00B04C89 /* Debug */,
				26B6CEE21C34225C00B04C89 /* Release */,
			);
			defaultConfigurationIsVisible = 0;
			defaultConfigurationName = Release;
		};
		26B6CEE31C34225C00B04C89 /* Build configuration list for PBXNativeTarget "iOSLogUITests" */ = {
			isa = XCConfigurationList;
			buildConfigurations = (
				26B6CEE41C34225C00B04C89 /* Debug */,
				26B6CEE51C34225C00B04C89 /* Release */,
			);
			defaultConfigurationIsVisible = 0;
			defaultConfigurationName = Release;
		};
/* End XCConfigurationList section */
	};
	rootObject = 26B6CEAD1C34225C00B04C89 /* Project object */;
}
